
Microsoft Visual Studio Solution File, Format Version 12.00
# Visual Studio Version 17
VisualStudioVersion = 17.9.34714.143
MinimumVisualStudioVersion = 10.0.40219.1
Project("{9A19103F-16F7-4668-BE54-9A1E7A4F7556}") = "Adorner", "Adorner\Adorner.csproj", "{44359E3F-5D67-4983-98F4-6B4DD4E40D40}"
EndProject
Project("{9A19103F-16F7-4668-BE54-9A1E7A4F7556}") = "TemplatePart", "TemplatePart\TemplatePart.csproj", "{9A92A4A6-9F3B-478F-AA34-8C180F313C70}"
EndProject
Project("{9A19103F-16F7-4668-BE54-9A1E7A4F7556}") = "Command", "Command\Command.csproj", "{F16C44A5-6673-475F-A720-1CF2F01C4C2D}"
EndProject
Project("{9A19103F-16F7-4668-BE54-9A1E7A4F7556}") = "VisualState", "VisualState\VisualState.csproj", "{02BD2EF5-3C41-4210-9D0C-FF799EC4B176}"
EndProject
Project("{9A19103F-16F7-4668-BE54-9A1E7A4F7556}") = "Layout", "Layout\Layout.csproj", "{5071B143-79C1-4B21-BA72-87C711C57A3D}"
EndProject
Project("{9A19103F-16F7-4668-BE54-9A1E7A4F7556}") = "TabViewSample", "TabViewSample\TabViewSample.csproj", "{3060C1D7-4A5E-4E68-B7C6-C338E4E0AB93}"
EndProject
Project("{9A19103F-16F7-4668-BE54-9A1E7A4F7556}") = "CustomThumb", "CustomThumb\CustomThumb.csproj", "{F8ECFBA5-6481-43F9-A0C5-1D062CAE2E80}"
EndProject
Project("{9A19103F-16F7-4668-BE54-9A1E7A4F7556}") = "GridSplitterSample", "GridSplitterSample\GridSplitterSample.csproj", "{59F08ABE-997A-40FE-AC01-DE9C2192B236}"
EndProject
Project("{9A19103F-16F7-4668-BE54-9A1E7A4F7556}") = "BindToAncestor", "BindToAncester\BindToAncestor.csproj", "{3209EAF9-9448-4DDC-AE2A-1B0AD674E059}"
EndProject
Project("{9A19103F-16F7-4668-BE54-9A1E7A4F7556}") = "AssetSample", "AssetSample\AssetSample.csproj", "{C104AB6A-B5BE-42E3-BDEE-16FEFDAB7976}"
EndProject
Project("{9A19103F-16F7-4668-BE54-9A1E7A4F7556}") = "LibrarySample.library", "LibrarySample.library\LibrarySample.library.csproj", "{403BDCBA-94D7-40C8-8A04-53E6390739DA}"
EndProject
Project("{9A19103F-16F7-4668-BE54-9A1E7A4F7556}") = "librarySample", "librarySample\librarySample.csproj", "{2CD9C246-0FE6-4973-B4E3-49AFB1A58072}"
EndProject
Project("{9A19103F-16F7-4668-BE54-9A1E7A4F7556}") = "LifecycleSample", "LifecycleSample\LifecycleSample.csproj", "{FEBF8F6A-6FD2-45C6-8AC2-A05856D7718F}"
EndProject
Project("{9A19103F-16F7-4668-BE54-9A1E7A4F7556}") = "NestedBinding", "NestedBinding\NestedBinding.csproj", "{15B670F7-38C1-41F2-BCC9-540D0975037F}"
EndProject
Project("{9A19103F-16F7-4668-BE54-9A1E7A4F7556}") = "HostWindowSample", "HostWindowSample\HostWindowSample.csproj", "{928BF237-E0B0-441A-A3E9-AC398C31BF5A}"
EndProject
Project("{9A19103F-16F7-4668-BE54-9A1E7A4F7556}") = "PointerSample", "PointerSample\PointerSample.csproj", "{B6FF34AD-2A14-45D2-88B8-36B7DCFDC88D}"
EndProject
Project("{FAE04EC0-301F-11D3-BF4B-00C04F79EFBC}") = "Hotkeys", "Hotkeys\Hotkeys.csproj", "{5ED0CCF3-A265-4FDD-BDA9-CCFF709B9E3B}"
EndProject
Global
	GlobalSection(SolutionConfigurationPlatforms) = preSolution
		Debug|Any CPU = Debug|Any CPU
		Debug|ARM64 = Debug|ARM64
		Debug|x64 = Debug|x64
		Debug|x86 = Debug|x86
		Release|Any CPU = Release|Any CPU
		Release|ARM64 = Release|ARM64
		Release|x64 = Release|x64
		Release|x86 = Release|x86
	EndGlobalSection
	GlobalSection(ProjectConfigurationPlatforms) = postSolution
		{44359E3F-5D67-4983-98F4-6B4DD4E40D40}.Debug|Any CPU.ActiveCfg = Debug|x64
		{44359E3F-5D67-4983-98F4-6B4DD4E40D40}.Debug|Any CPU.Build.0 = Debug|x64
		{44359E3F-5D67-4983-98F4-6B4DD4E40D40}.Debug|ARM64.ActiveCfg = Debug|ARM64
		{44359E3F-5D67-4983-98F4-6B4DD4E40D40}.Debug|ARM64.Build.0 = Debug|ARM64
		{44359E3F-5D67-4983-98F4-6B4DD4E40D40}.Debug|ARM64.Deploy.0 = Debug|ARM64
		{44359E3F-5D67-4983-98F4-6B4DD4E40D40}.Debug|x64.ActiveCfg = Debug|x64
		{44359E3F-5D67-4983-98F4-6B4DD4E40D40}.Debug|x64.Build.0 = Debug|x64
		{44359E3F-5D67-4983-98F4-6B4DD4E40D40}.Debug|x64.Deploy.0 = Debug|x64
		{44359E3F-5D67-4983-98F4-6B4DD4E40D40}.Debug|x86.ActiveCfg = Debug|x86
		{44359E3F-5D67-4983-98F4-6B4DD4E40D40}.Debug|x86.Build.0 = Debug|x86
		{44359E3F-5D67-4983-98F4-6B4DD4E40D40}.Debug|x86.Deploy.0 = Debug|x86
		{44359E3F-5D67-4983-98F4-6B4DD4E40D40}.Release|Any CPU.ActiveCfg = Release|x64
		{44359E3F-5D67-4983-98F4-6B4DD4E40D40}.Release|Any CPU.Build.0 = Release|x64
		{44359E3F-5D67-4983-98F4-6B4DD4E40D40}.Release|ARM64.ActiveCfg = Release|ARM64
		{44359E3F-5D67-4983-98F4-6B4DD4E40D40}.Release|ARM64.Build.0 = Release|ARM64
		{44359E3F-5D67-4983-98F4-6B4DD4E40D40}.Release|ARM64.Deploy.0 = Release|ARM64
		{44359E3F-5D67-4983-98F4-6B4DD4E40D40}.Release|x64.ActiveCfg = Release|x64
		{44359E3F-5D67-4983-98F4-6B4DD4E40D40}.Release|x64.Build.0 = Release|x64
		{44359E3F-5D67-4983-98F4-6B4DD4E40D40}.Release|x64.Deploy.0 = Release|x64
		{44359E3F-5D67-4983-98F4-6B4DD4E40D40}.Release|x86.ActiveCfg = Release|x86
		{44359E3F-5D67-4983-98F4-6B4DD4E40D40}.Release|x86.Build.0 = Release|x86
		{44359E3F-5D67-4983-98F4-6B4DD4E40D40}.Release|x86.Deploy.0 = Release|x86
		{9A92A4A6-9F3B-478F-AA34-8C180F313C70}.Debug|Any CPU.ActiveCfg = Debug|x64
		{9A92A4A6-9F3B-478F-AA34-8C180F313C70}.Debug|Any CPU.Build.0 = Debug|x64
		{9A92A4A6-9F3B-478F-AA34-8C180F313C70}.Debug|ARM64.ActiveCfg = Debug|ARM64
		{9A92A4A6-9F3B-478F-AA34-8C180F313C70}.Debug|ARM64.Build.0 = Debug|ARM64
		{9A92A4A6-9F3B-478F-AA34-8C180F313C70}.Debug|ARM64.Deploy.0 = Debug|ARM64
		{9A92A4A6-9F3B-478F-AA34-8C180F313C70}.Debug|x64.ActiveCfg = Debug|x64
		{9A92A4A6-9F3B-478F-AA34-8C180F313C70}.Debug|x64.Build.0 = Debug|x64
		{9A92A4A6-9F3B-478F-AA34-8C180F313C70}.Debug|x64.Deploy.0 = Debug|x64
		{9A92A4A6-9F3B-478F-AA34-8C180F313C70}.Debug|x86.ActiveCfg = Debug|x86
		{9A92A4A6-9F3B-478F-AA34-8C180F313C70}.Debug|x86.Build.0 = Debug|x86
		{9A92A4A6-9F3B-478F-AA34-8C180F313C70}.Debug|x86.Deploy.0 = Debug|x86
		{9A92A4A6-9F3B-478F-AA34-8C180F313C70}.Release|Any CPU.ActiveCfg = Release|x64
		{9A92A4A6-9F3B-478F-AA34-8C180F313C70}.Release|Any CPU.Build.0 = Release|x64
		{9A92A4A6-9F3B-478F-AA34-8C180F313C70}.Release|ARM64.ActiveCfg = Release|ARM64
		{9A92A4A6-9F3B-478F-AA34-8C180F313C70}.Release|ARM64.Build.0 = Release|ARM64
		{9A92A4A6-9F3B-478F-AA34-8C180F313C70}.Release|ARM64.Deploy.0 = Release|ARM64
		{9A92A4A6-9F3B-478F-AA34-8C180F313C70}.Release|x64.ActiveCfg = Release|x64
		{9A92A4A6-9F3B-478F-AA34-8C180F313C70}.Release|x64.Build.0 = Release|x64
		{9A92A4A6-9F3B-478F-AA34-8C180F313C70}.Release|x64.Deploy.0 = Release|x64
		{9A92A4A6-9F3B-478F-AA34-8C180F313C70}.Release|x86.ActiveCfg = Release|x86
		{9A92A4A6-9F3B-478F-AA34-8C180F313C70}.Release|x86.Build.0 = Release|x86
		{9A92A4A6-9F3B-478F-AA34-8C180F313C70}.Release|x86.Deploy.0 = Release|x86
		{F16C44A5-6673-475F-A720-1CF2F01C4C2D}.Debug|Any CPU.ActiveCfg = Debug|x64
		{F16C44A5-6673-475F-A720-1CF2F01C4C2D}.Debug|Any CPU.Build.0 = Debug|x64
		{F16C44A5-6673-475F-A720-1CF2F01C4C2D}.Debug|ARM64.ActiveCfg = Debug|ARM64
		{F16C44A5-6673-475F-A720-1CF2F01C4C2D}.Debug|ARM64.Build.0 = Debug|ARM64
		{F16C44A5-6673-475F-A720-1CF2F01C4C2D}.Debug|ARM64.Deploy.0 = Debug|ARM64
		{F16C44A5-6673-475F-A720-1CF2F01C4C2D}.Debug|x64.ActiveCfg = Debug|x64
		{F16C44A5-6673-475F-A720-1CF2F01C4C2D}.Debug|x64.Build.0 = Debug|x64
		{F16C44A5-6673-475F-A720-1CF2F01C4C2D}.Debug|x64.Deploy.0 = Debug|x64
		{F16C44A5-6673-475F-A720-1CF2F01C4C2D}.Debug|x86.ActiveCfg = Debug|x86
		{F16C44A5-6673-475F-A720-1CF2F01C4C2D}.Debug|x86.Build.0 = Debug|x86
		{F16C44A5-6673-475F-A720-1CF2F01C4C2D}.Debug|x86.Deploy.0 = Debug|x86
		{F16C44A5-6673-475F-A720-1CF2F01C4C2D}.Release|Any CPU.ActiveCfg = Release|x64
		{F16C44A5-6673-475F-A720-1CF2F01C4C2D}.Release|Any CPU.Build.0 = Release|x64
		{F16C44A5-6673-475F-A720-1CF2F01C4C2D}.Release|ARM64.ActiveCfg = Release|ARM64
		{F16C44A5-6673-475F-A720-1CF2F01C4C2D}.Release|ARM64.Build.0 = Release|ARM64
		{F16C44A5-6673-475F-A720-1CF2F01C4C2D}.Release|ARM64.Deploy.0 = Release|ARM64
		{F16C44A5-6673-475F-A720-1CF2F01C4C2D}.Release|x64.ActiveCfg = Release|x64
		{F16C44A5-6673-475F-A720-1CF2F01C4C2D}.Release|x64.Build.0 = Release|x64
		{F16C44A5-6673-475F-A720-1CF2F01C4C2D}.Release|x64.Deploy.0 = Release|x64
		{F16C44A5-6673-475F-A720-1CF2F01C4C2D}.Release|x86.ActiveCfg = Release|x86
		{F16C44A5-6673-475F-A720-1CF2F01C4C2D}.Release|x86.Build.0 = Release|x86
		{F16C44A5-6673-475F-A720-1CF2F01C4C2D}.Release|x86.Deploy.0 = Release|x86
		{02BD2EF5-3C41-4210-9D0C-FF799EC4B176}.Debug|Any CPU.ActiveCfg = Debug|x64
		{02BD2EF5-3C41-4210-9D0C-FF799EC4B176}.Debug|Any CPU.Build.0 = Debug|x64
		{02BD2EF5-3C41-4210-9D0C-FF799EC4B176}.Debug|ARM64.ActiveCfg = Debug|ARM64
		{02BD2EF5-3C41-4210-9D0C-FF799EC4B176}.Debug|ARM64.Build.0 = Debug|ARM64
		{02BD2EF5-3C41-4210-9D0C-FF799EC4B176}.Debug|ARM64.Deploy.0 = Debug|ARM64
		{02BD2EF5-3C41-4210-9D0C-FF799EC4B176}.Debug|x64.ActiveCfg = Debug|x64
		{02BD2EF5-3C41-4210-9D0C-FF799EC4B176}.Debug|x64.Build.0 = Debug|x64
		{02BD2EF5-3C41-4210-9D0C-FF799EC4B176}.Debug|x64.Deploy.0 = Debug|x64
		{02BD2EF5-3C41-4210-9D0C-FF799EC4B176}.Debug|x86.ActiveCfg = Debug|x86
		{02BD2EF5-3C41-4210-9D0C-FF799EC4B176}.Debug|x86.Build.0 = Debug|x86
		{02BD2EF5-3C41-4210-9D0C-FF799EC4B176}.Debug|x86.Deploy.0 = Debug|x86
		{02BD2EF5-3C41-4210-9D0C-FF799EC4B176}.Release|Any CPU.ActiveCfg = Release|x64
		{02BD2EF5-3C41-4210-9D0C-FF799EC4B176}.Release|Any CPU.Build.0 = Release|x64
		{02BD2EF5-3C41-4210-9D0C-FF799EC4B176}.Release|ARM64.ActiveCfg = Release|ARM64
		{02BD2EF5-3C41-4210-9D0C-FF799EC4B176}.Release|ARM64.Build.0 = Release|ARM64
		{02BD2EF5-3C41-4210-9D0C-FF799EC4B176}.Release|ARM64.Deploy.0 = Release|ARM64
		{02BD2EF5-3C41-4210-9D0C-FF799EC4B176}.Release|x64.ActiveCfg = Release|x64
		{02BD2EF5-3C41-4210-9D0C-FF799EC4B176}.Release|x64.Build.0 = Release|x64
		{02BD2EF5-3C41-4210-9D0C-FF799EC4B176}.Release|x64.Deploy.0 = Release|x64
		{02BD2EF5-3C41-4210-9D0C-FF799EC4B176}.Release|x86.ActiveCfg = Release|x86
		{02BD2EF5-3C41-4210-9D0C-FF799EC4B176}.Release|x86.Build.0 = Release|x86
		{02BD2EF5-3C41-4210-9D0C-FF799EC4B176}.Release|x86.Deploy.0 = Release|x86
		{5071B143-79C1-4B21-BA72-87C711C57A3D}.Debug|Any CPU.ActiveCfg = Debug|x64
		{5071B143-79C1-4B21-BA72-87C711C57A3D}.Debug|Any CPU.Build.0 = Debug|x64
		{5071B143-79C1-4B21-BA72-87C711C57A3D}.Debug|ARM64.ActiveCfg = Debug|ARM64
		{5071B143-79C1-4B21-BA72-87C711C57A3D}.Debug|ARM64.Build.0 = Debug|ARM64
		{5071B143-79C1-4B21-BA72-87C711C57A3D}.Debug|ARM64.Deploy.0 = Debug|ARM64
		{5071B143-79C1-4B21-BA72-87C711C57A3D}.Debug|x64.ActiveCfg = Debug|x64
		{5071B143-79C1-4B21-BA72-87C711C57A3D}.Debug|x64.Build.0 = Debug|x64
		{5071B143-79C1-4B21-BA72-87C711C57A3D}.Debug|x64.Deploy.0 = Debug|x64
		{5071B143-79C1-4B21-BA72-87C711C57A3D}.Debug|x86.ActiveCfg = Debug|x86
		{5071B143-79C1-4B21-BA72-87C711C57A3D}.Debug|x86.Build.0 = Debug|x86
		{5071B143-79C1-4B21-BA72-87C711C57A3D}.Debug|x86.Deploy.0 = Debug|x86
		{5071B143-79C1-4B21-BA72-87C711C57A3D}.Release|Any CPU.ActiveCfg = Release|x64
		{5071B143-79C1-4B21-BA72-87C711C57A3D}.Release|Any CPU.Build.0 = Release|x64
		{5071B143-79C1-4B21-BA72-87C711C57A3D}.Release|ARM64.ActiveCfg = Release|ARM64
		{5071B143-79C1-4B21-BA72-87C711C57A3D}.Release|ARM64.Build.0 = Release|ARM64
		{5071B143-79C1-4B21-BA72-87C711C57A3D}.Release|ARM64.Deploy.0 = Release|ARM64
		{5071B143-79C1-4B21-BA72-87C711C57A3D}.Release|x64.ActiveCfg = Release|x64
		{5071B143-79C1-4B21-BA72-87C711C57A3D}.Release|x64.Build.0 = Release|x64
		{5071B143-79C1-4B21-BA72-87C711C57A3D}.Release|x64.Deploy.0 = Release|x64
		{5071B143-79C1-4B21-BA72-87C711C57A3D}.Release|x86.ActiveCfg = Release|x86
		{5071B143-79C1-4B21-BA72-87C711C57A3D}.Release|x86.Build.0 = Release|x86
		{5071B143-79C1-4B21-BA72-87C711C57A3D}.Release|x86.Deploy.0 = Release|x86
		{3060C1D7-4A5E-4E68-B7C6-C338E4E0AB93}.Debug|Any CPU.ActiveCfg = Debug|x64
		{3060C1D7-4A5E-4E68-B7C6-C338E4E0AB93}.Debug|Any CPU.Build.0 = Debug|x64
		{3060C1D7-4A5E-4E68-B7C6-C338E4E0AB93}.Debug|ARM64.ActiveCfg = Debug|ARM64
		{3060C1D7-4A5E-4E68-B7C6-C338E4E0AB93}.Debug|ARM64.Build.0 = Debug|ARM64
		{3060C1D7-4A5E-4E68-B7C6-C338E4E0AB93}.Debug|ARM64.Deploy.0 = Debug|ARM64
		{3060C1D7-4A5E-4E68-B7C6-C338E4E0AB93}.Debug|x64.ActiveCfg = Debug|x64
		{3060C1D7-4A5E-4E68-B7C6-C338E4E0AB93}.Debug|x64.Build.0 = Debug|x64
		{3060C1D7-4A5E-4E68-B7C6-C338E4E0AB93}.Debug|x64.Deploy.0 = Debug|x64
		{3060C1D7-4A5E-4E68-B7C6-C338E4E0AB93}.Debug|x86.ActiveCfg = Debug|x86
		{3060C1D7-4A5E-4E68-B7C6-C338E4E0AB93}.Debug|x86.Build.0 = Debug|x86
		{3060C1D7-4A5E-4E68-B7C6-C338E4E0AB93}.Debug|x86.Deploy.0 = Debug|x86
		{3060C1D7-4A5E-4E68-B7C6-C338E4E0AB93}.Release|Any CPU.ActiveCfg = Release|x64
		{3060C1D7-4A5E-4E68-B7C6-C338E4E0AB93}.Release|Any CPU.Build.0 = Release|x64
		{3060C1D7-4A5E-4E68-B7C6-C338E4E0AB93}.Release|ARM64.ActiveCfg = Release|ARM64
		{3060C1D7-4A5E-4E68-B7C6-C338E4E0AB93}.Release|ARM64.Build.0 = Release|ARM64
		{3060C1D7-4A5E-4E68-B7C6-C338E4E0AB93}.Release|ARM64.Deploy.0 = Release|ARM64
		{3060C1D7-4A5E-4E68-B7C6-C338E4E0AB93}.Release|x64.ActiveCfg = Release|x64
		{3060C1D7-4A5E-4E68-B7C6-C338E4E0AB93}.Release|x64.Build.0 = Release|x64
		{3060C1D7-4A5E-4E68-B7C6-C338E4E0AB93}.Release|x64.Deploy.0 = Release|x64
		{3060C1D7-4A5E-4E68-B7C6-C338E4E0AB93}.Release|x86.ActiveCfg = Release|x86
		{3060C1D7-4A5E-4E68-B7C6-C338E4E0AB93}.Release|x86.Build.0 = Release|x86
		{3060C1D7-4A5E-4E68-B7C6-C338E4E0AB93}.Release|x86.Deploy.0 = Release|x86
		{F8ECFBA5-6481-43F9-A0C5-1D062CAE2E80}.Debug|Any CPU.ActiveCfg = Debug|x64
		{F8ECFBA5-6481-43F9-A0C5-1D062CAE2E80}.Debug|Any CPU.Build.0 = Debug|x64
		{F8ECFBA5-6481-43F9-A0C5-1D062CAE2E80}.Debug|ARM64.ActiveCfg = Debug|ARM64
		{F8ECFBA5-6481-43F9-A0C5-1D062CAE2E80}.Debug|ARM64.Build.0 = Debug|ARM64
		{F8ECFBA5-6481-43F9-A0C5-1D062CAE2E80}.Debug|ARM64.Deploy.0 = Debug|ARM64
		{F8ECFBA5-6481-43F9-A0C5-1D062CAE2E80}.Debug|x64.ActiveCfg = Debug|x64
		{F8ECFBA5-6481-43F9-A0C5-1D062CAE2E80}.Debug|x64.Build.0 = Debug|x64
		{F8ECFBA5-6481-43F9-A0C5-1D062CAE2E80}.Debug|x64.Deploy.0 = Debug|x64
		{F8ECFBA5-6481-43F9-A0C5-1D062CAE2E80}.Debug|x86.ActiveCfg = Debug|x86
		{F8ECFBA5-6481-43F9-A0C5-1D062CAE2E80}.Debug|x86.Build.0 = Debug|x86
		{F8ECFBA5-6481-43F9-A0C5-1D062CAE2E80}.Debug|x86.Deploy.0 = Debug|x86
		{F8ECFBA5-6481-43F9-A0C5-1D062CAE2E80}.Release|Any CPU.ActiveCfg = Release|x64
		{F8ECFBA5-6481-43F9-A0C5-1D062CAE2E80}.Release|Any CPU.Build.0 = Release|x64
		{F8ECFBA5-6481-43F9-A0C5-1D062CAE2E80}.Release|ARM64.ActiveCfg = Release|ARM64
		{F8ECFBA5-6481-43F9-A0C5-1D062CAE2E80}.Release|ARM64.Build.0 = Release|ARM64
		{F8ECFBA5-6481-43F9-A0C5-1D062CAE2E80}.Release|ARM64.Deploy.0 = Release|ARM64
		{F8ECFBA5-6481-43F9-A0C5-1D062CAE2E80}.Release|x64.ActiveCfg = Release|x64
		{F8ECFBA5-6481-43F9-A0C5-1D062CAE2E80}.Release|x64.Build.0 = Release|x64
		{F8ECFBA5-6481-43F9-A0C5-1D062CAE2E80}.Release|x64.Deploy.0 = Release|x64
		{F8ECFBA5-6481-43F9-A0C5-1D062CAE2E80}.Release|x86.ActiveCfg = Release|x86
		{F8ECFBA5-6481-43F9-A0C5-1D062CAE2E80}.Release|x86.Build.0 = Release|x86
		{F8ECFBA5-6481-43F9-A0C5-1D062CAE2E80}.Release|x86.Deploy.0 = Release|x86
		{59F08ABE-997A-40FE-AC01-DE9C2192B236}.Debug|Any CPU.ActiveCfg = Debug|x64
		{59F08ABE-997A-40FE-AC01-DE9C2192B236}.Debug|Any CPU.Build.0 = Debug|x64
		{59F08ABE-997A-40FE-AC01-DE9C2192B236}.Debug|ARM64.ActiveCfg = Debug|ARM64
		{59F08ABE-997A-40FE-AC01-DE9C2192B236}.Debug|ARM64.Build.0 = Debug|ARM64
		{59F08ABE-997A-40FE-AC01-DE9C2192B236}.Debug|ARM64.Deploy.0 = Debug|ARM64
		{59F08ABE-997A-40FE-AC01-DE9C2192B236}.Debug|x64.ActiveCfg = Debug|x64
		{59F08ABE-997A-40FE-AC01-DE9C2192B236}.Debug|x64.Build.0 = Debug|x64
		{59F08ABE-997A-40FE-AC01-DE9C2192B236}.Debug|x64.Deploy.0 = Debug|x64
		{59F08ABE-997A-40FE-AC01-DE9C2192B236}.Debug|x86.ActiveCfg = Debug|x86
		{59F08ABE-997A-40FE-AC01-DE9C2192B236}.Debug|x86.Build.0 = Debug|x86
		{59F08ABE-997A-40FE-AC01-DE9C2192B236}.Debug|x86.Deploy.0 = Debug|x86
		{59F08ABE-997A-40FE-AC01-DE9C2192B236}.Release|Any CPU.ActiveCfg = Release|x64
		{59F08ABE-997A-40FE-AC01-DE9C2192B236}.Release|Any CPU.Build.0 = Release|x64
		{59F08ABE-997A-40FE-AC01-DE9C2192B236}.Release|ARM64.ActiveCfg = Release|ARM64
		{59F08ABE-997A-40FE-AC01-DE9C2192B236}.Release|ARM64.Build.0 = Release|ARM64
		{59F08ABE-997A-40FE-AC01-DE9C2192B236}.Release|ARM64.Deploy.0 = Release|ARM64
		{59F08ABE-997A-40FE-AC01-DE9C2192B236}.Release|x64.ActiveCfg = Release|x64
		{59F08ABE-997A-40FE-AC01-DE9C2192B236}.Release|x64.Build.0 = Release|x64
		{59F08ABE-997A-40FE-AC01-DE9C2192B236}.Release|x64.Deploy.0 = Release|x64
		{59F08ABE-997A-40FE-AC01-DE9C2192B236}.Release|x86.ActiveCfg = Release|x86
		{59F08ABE-997A-40FE-AC01-DE9C2192B236}.Release|x86.Build.0 = Release|x86
		{59F08ABE-997A-40FE-AC01-DE9C2192B236}.Release|x86.Deploy.0 = Release|x86
		{3209EAF9-9448-4DDC-AE2A-1B0AD674E059}.Debug|Any CPU.ActiveCfg = Debug|x64
		{3209EAF9-9448-4DDC-AE2A-1B0AD674E059}.Debug|Any CPU.Build.0 = Debug|x64
		{3209EAF9-9448-4DDC-AE2A-1B0AD674E059}.Debug|ARM64.ActiveCfg = Debug|ARM64
		{3209EAF9-9448-4DDC-AE2A-1B0AD674E059}.Debug|ARM64.Build.0 = Debug|ARM64
		{3209EAF9-9448-4DDC-AE2A-1B0AD674E059}.Debug|ARM64.Deploy.0 = Debug|ARM64
		{3209EAF9-9448-4DDC-AE2A-1B0AD674E059}.Debug|x64.ActiveCfg = Debug|x64
		{3209EAF9-9448-4DDC-AE2A-1B0AD674E059}.Debug|x64.Build.0 = Debug|x64
		{3209EAF9-9448-4DDC-AE2A-1B0AD674E059}.Debug|x64.Deploy.0 = Debug|x64
		{3209EAF9-9448-4DDC-AE2A-1B0AD674E059}.Debug|x86.ActiveCfg = Debug|x86
		{3209EAF9-9448-4DDC-AE2A-1B0AD674E059}.Debug|x86.Build.0 = Debug|x86
		{3209EAF9-9448-4DDC-AE2A-1B0AD674E059}.Debug|x86.Deploy.0 = Debug|x86
		{3209EAF9-9448-4DDC-AE2A-1B0AD674E059}.Release|Any CPU.ActiveCfg = Release|x64
		{3209EAF9-9448-4DDC-AE2A-1B0AD674E059}.Release|Any CPU.Build.0 = Release|x64
		{3209EAF9-9448-4DDC-AE2A-1B0AD674E059}.Release|ARM64.ActiveCfg = Release|ARM64
		{3209EAF9-9448-4DDC-AE2A-1B0AD674E059}.Release|ARM64.Build.0 = Release|ARM64
		{3209EAF9-9448-4DDC-AE2A-1B0AD674E059}.Release|ARM64.Deploy.0 = Release|ARM64
		{3209EAF9-9448-4DDC-AE2A-1B0AD674E059}.Release|x64.ActiveCfg = Release|x64
		{3209EAF9-9448-4DDC-AE2A-1B0AD674E059}.Release|x64.Build.0 = Release|x64
		{3209EAF9-9448-4DDC-AE2A-1B0AD674E059}.Release|x64.Deploy.0 = Release|x64
		{3209EAF9-9448-4DDC-AE2A-1B0AD674E059}.Release|x86.ActiveCfg = Release|x86
		{3209EAF9-9448-4DDC-AE2A-1B0AD674E059}.Release|x86.Build.0 = Release|x86
		{3209EAF9-9448-4DDC-AE2A-1B0AD674E059}.Release|x86.Deploy.0 = Release|x86
		{C104AB6A-B5BE-42E3-BDEE-16FEFDAB7976}.Debug|Any CPU.ActiveCfg = Debug|x64
		{C104AB6A-B5BE-42E3-BDEE-16FEFDAB7976}.Debug|Any CPU.Build.0 = Debug|x64
		{C104AB6A-B5BE-42E3-BDEE-16FEFDAB7976}.Debug|Any CPU.Deploy.0 = Debug|x64
		{C104AB6A-B5BE-42E3-BDEE-16FEFDAB7976}.Debug|ARM64.ActiveCfg = Debug|ARM64
		{C104AB6A-B5BE-42E3-BDEE-16FEFDAB7976}.Debug|ARM64.Build.0 = Debug|ARM64
		{C104AB6A-B5BE-42E3-BDEE-16FEFDAB7976}.Debug|ARM64.Deploy.0 = Debug|ARM64
		{C104AB6A-B5BE-42E3-BDEE-16FEFDAB7976}.Debug|x64.ActiveCfg = Debug|x64
		{C104AB6A-B5BE-42E3-BDEE-16FEFDAB7976}.Debug|x64.Build.0 = Debug|x64
		{C104AB6A-B5BE-42E3-BDEE-16FEFDAB7976}.Debug|x64.Deploy.0 = Debug|x64
		{C104AB6A-B5BE-42E3-BDEE-16FEFDAB7976}.Debug|x86.ActiveCfg = Debug|x86
		{C104AB6A-B5BE-42E3-BDEE-16FEFDAB7976}.Debug|x86.Build.0 = Debug|x86
		{C104AB6A-B5BE-42E3-BDEE-16FEFDAB7976}.Debug|x86.Deploy.0 = Debug|x86
		{C104AB6A-B5BE-42E3-BDEE-16FEFDAB7976}.Release|Any CPU.ActiveCfg = Release|x64
		{C104AB6A-B5BE-42E3-BDEE-16FEFDAB7976}.Release|Any CPU.Build.0 = Release|x64
		{C104AB6A-B5BE-42E3-BDEE-16FEFDAB7976}.Release|Any CPU.Deploy.0 = Release|x64
		{C104AB6A-B5BE-42E3-BDEE-16FEFDAB7976}.Release|ARM64.ActiveCfg = Release|ARM64
		{C104AB6A-B5BE-42E3-BDEE-16FEFDAB7976}.Release|ARM64.Build.0 = Release|ARM64
		{C104AB6A-B5BE-42E3-BDEE-16FEFDAB7976}.Release|ARM64.Deploy.0 = Release|ARM64
		{C104AB6A-B5BE-42E3-BDEE-16FEFDAB7976}.Release|x64.ActiveCfg = Release|x64
		{C104AB6A-B5BE-42E3-BDEE-16FEFDAB7976}.Release|x64.Build.0 = Release|x64
		{C104AB6A-B5BE-42E3-BDEE-16FEFDAB7976}.Release|x64.Deploy.0 = Release|x64
		{C104AB6A-B5BE-42E3-BDEE-16FEFDAB7976}.Release|x86.ActiveCfg = Release|x86
		{C104AB6A-B5BE-42E3-BDEE-16FEFDAB7976}.Release|x86.Build.0 = Release|x86
		{C104AB6A-B5BE-42E3-BDEE-16FEFDAB7976}.Release|x86.Deploy.0 = Release|x86
		{403BDCBA-94D7-40C8-8A04-53E6390739DA}.Debug|Any CPU.ActiveCfg = Debug|Any CPU
		{403BDCBA-94D7-40C8-8A04-53E6390739DA}.Debug|Any CPU.Build.0 = Debug|Any CPU
		{403BDCBA-94D7-40C8-8A04-53E6390739DA}.Debug|ARM64.ActiveCfg = Debug|Any CPU
		{403BDCBA-94D7-40C8-8A04-53E6390739DA}.Debug|ARM64.Build.0 = Debug|Any CPU
		{403BDCBA-94D7-40C8-8A04-53E6390739DA}.Debug|x64.ActiveCfg = Debug|Any CPU
		{403BDCBA-94D7-40C8-8A04-53E6390739DA}.Debug|x64.Build.0 = Debug|Any CPU
		{403BDCBA-94D7-40C8-8A04-53E6390739DA}.Debug|x86.ActiveCfg = Debug|Any CPU
		{403BDCBA-94D7-40C8-8A04-53E6390739DA}.Debug|x86.Build.0 = Debug|Any CPU
		{403BDCBA-94D7-40C8-8A04-53E6390739DA}.Release|Any CPU.ActiveCfg = Release|Any CPU
		{403BDCBA-94D7-40C8-8A04-53E6390739DA}.Release|Any CPU.Build.0 = Release|Any CPU
		{403BDCBA-94D7-40C8-8A04-53E6390739DA}.Release|ARM64.ActiveCfg = Release|Any CPU
		{403BDCBA-94D7-40C8-8A04-53E6390739DA}.Release|ARM64.Build.0 = Release|Any CPU
		{403BDCBA-94D7-40C8-8A04-53E6390739DA}.Release|x64.ActiveCfg = Release|Any CPU
		{403BDCBA-94D7-40C8-8A04-53E6390739DA}.Release|x64.Build.0 = Release|Any CPU
		{403BDCBA-94D7-40C8-8A04-53E6390739DA}.Release|x86.ActiveCfg = Release|Any CPU
		{403BDCBA-94D7-40C8-8A04-53E6390739DA}.Release|x86.Build.0 = Release|Any CPU
		{2CD9C246-0FE6-4973-B4E3-49AFB1A58072}.Debug|Any CPU.ActiveCfg = Debug|x64
		{2CD9C246-0FE6-4973-B4E3-49AFB1A58072}.Debug|Any CPU.Build.0 = Debug|x64
		{2CD9C246-0FE6-4973-B4E3-49AFB1A58072}.Debug|Any CPU.Deploy.0 = Debug|x64
		{2CD9C246-0FE6-4973-B4E3-49AFB1A58072}.Debug|ARM64.ActiveCfg = Debug|ARM64
		{2CD9C246-0FE6-4973-B4E3-49AFB1A58072}.Debug|ARM64.Build.0 = Debug|ARM64
		{2CD9C246-0FE6-4973-B4E3-49AFB1A58072}.Debug|ARM64.Deploy.0 = Debug|ARM64
		{2CD9C246-0FE6-4973-B4E3-49AFB1A58072}.Debug|x64.ActiveCfg = Debug|x64
		{2CD9C246-0FE6-4973-B4E3-49AFB1A58072}.Debug|x64.Build.0 = Debug|x64
		{2CD9C246-0FE6-4973-B4E3-49AFB1A58072}.Debug|x64.Deploy.0 = Debug|x64
		{2CD9C246-0FE6-4973-B4E3-49AFB1A58072}.Debug|x86.ActiveCfg = Debug|x86
		{2CD9C246-0FE6-4973-B4E3-49AFB1A58072}.Debug|x86.Build.0 = Debug|x86
		{2CD9C246-0FE6-4973-B4E3-49AFB1A58072}.Debug|x86.Deploy.0 = Debug|x86
		{2CD9C246-0FE6-4973-B4E3-49AFB1A58072}.Release|Any CPU.ActiveCfg = Release|x64
		{2CD9C246-0FE6-4973-B4E3-49AFB1A58072}.Release|Any CPU.Build.0 = Release|x64
		{2CD9C246-0FE6-4973-B4E3-49AFB1A58072}.Release|Any CPU.Deploy.0 = Release|x64
		{2CD9C246-0FE6-4973-B4E3-49AFB1A58072}.Release|ARM64.ActiveCfg = Release|ARM64
		{2CD9C246-0FE6-4973-B4E3-49AFB1A58072}.Release|ARM64.Build.0 = Release|ARM64
		{2CD9C246-0FE6-4973-B4E3-49AFB1A58072}.Release|ARM64.Deploy.0 = Release|ARM64
		{2CD9C246-0FE6-4973-B4E3-49AFB1A58072}.Release|x64.ActiveCfg = Release|x64
		{2CD9C246-0FE6-4973-B4E3-49AFB1A58072}.Release|x64.Build.0 = Release|x64
		{2CD9C246-0FE6-4973-B4E3-49AFB1A58072}.Release|x64.Deploy.0 = Release|x64
		{2CD9C246-0FE6-4973-B4E3-49AFB1A58072}.Release|x86.ActiveCfg = Release|x86
		{2CD9C246-0FE6-4973-B4E3-49AFB1A58072}.Release|x86.Build.0 = Release|x86
		{2CD9C246-0FE6-4973-B4E3-49AFB1A58072}.Release|x86.Deploy.0 = Release|x86
		{FEBF8F6A-6FD2-45C6-8AC2-A05856D7718F}.Debug|Any CPU.ActiveCfg = Debug|x64
		{FEBF8F6A-6FD2-45C6-8AC2-A05856D7718F}.Debug|Any CPU.Build.0 = Debug|x64
		{FEBF8F6A-6FD2-45C6-8AC2-A05856D7718F}.Debug|Any CPU.Deploy.0 = Debug|x64
		{FEBF8F6A-6FD2-45C6-8AC2-A05856D7718F}.Debug|ARM64.ActiveCfg = Debug|ARM64
		{FEBF8F6A-6FD2-45C6-8AC2-A05856D7718F}.Debug|ARM64.Build.0 = Debug|ARM64
		{FEBF8F6A-6FD2-45C6-8AC2-A05856D7718F}.Debug|ARM64.Deploy.0 = Debug|ARM64
		{FEBF8F6A-6FD2-45C6-8AC2-A05856D7718F}.Debug|x64.ActiveCfg = Debug|x64
		{FEBF8F6A-6FD2-45C6-8AC2-A05856D7718F}.Debug|x64.Build.0 = Debug|x64
		{FEBF8F6A-6FD2-45C6-8AC2-A05856D7718F}.Debug|x64.Deploy.0 = Debug|x64
		{FEBF8F6A-6FD2-45C6-8AC2-A05856D7718F}.Debug|x86.ActiveCfg = Debug|x86
		{FEBF8F6A-6FD2-45C6-8AC2-A05856D7718F}.Debug|x86.Build.0 = Debug|x86
		{FEBF8F6A-6FD2-45C6-8AC2-A05856D7718F}.Debug|x86.Deploy.0 = Debug|x86
		{FEBF8F6A-6FD2-45C6-8AC2-A05856D7718F}.Release|Any CPU.ActiveCfg = Release|x64
		{FEBF8F6A-6FD2-45C6-8AC2-A05856D7718F}.Release|Any CPU.Build.0 = Release|x64
		{FEBF8F6A-6FD2-45C6-8AC2-A05856D7718F}.Release|Any CPU.Deploy.0 = Release|x64
		{FEBF8F6A-6FD2-45C6-8AC2-A05856D7718F}.Release|ARM64.ActiveCfg = Release|ARM64
		{FEBF8F6A-6FD2-45C6-8AC2-A05856D7718F}.Release|ARM64.Build.0 = Release|ARM64
		{FEBF8F6A-6FD2-45C6-8AC2-A05856D7718F}.Release|ARM64.Deploy.0 = Release|ARM64
		{FEBF8F6A-6FD2-45C6-8AC2-A05856D7718F}.Release|x64.ActiveCfg = Release|x64
		{FEBF8F6A-6FD2-45C6-8AC2-A05856D7718F}.Release|x64.Build.0 = Release|x64
		{FEBF8F6A-6FD2-45C6-8AC2-A05856D7718F}.Release|x64.Deploy.0 = Release|x64
		{FEBF8F6A-6FD2-45C6-8AC2-A05856D7718F}.Release|x86.ActiveCfg = Release|x86
		{FEBF8F6A-6FD2-45C6-8AC2-A05856D7718F}.Release|x86.Build.0 = Release|x86
		{FEBF8F6A-6FD2-45C6-8AC2-A05856D7718F}.Release|x86.Deploy.0 = Release|x86
		{15B670F7-38C1-41F2-BCC9-540D0975037F}.Debug|Any CPU.ActiveCfg = Debug|x64
		{15B670F7-38C1-41F2-BCC9-540D0975037F}.Debug|Any CPU.Build.0 = Debug|x64
		{15B670F7-38C1-41F2-BCC9-540D0975037F}.Debug|Any CPU.Deploy.0 = Debug|x64
		{15B670F7-38C1-41F2-BCC9-540D0975037F}.Debug|ARM64.ActiveCfg = Debug|ARM64
		{15B670F7-38C1-41F2-BCC9-540D0975037F}.Debug|ARM64.Build.0 = Debug|ARM64
		{15B670F7-38C1-41F2-BCC9-540D0975037F}.Debug|ARM64.Deploy.0 = Debug|ARM64
		{15B670F7-38C1-41F2-BCC9-540D0975037F}.Debug|x64.ActiveCfg = Debug|x64
		{15B670F7-38C1-41F2-BCC9-540D0975037F}.Debug|x64.Build.0 = Debug|x64
		{15B670F7-38C1-41F2-BCC9-540D0975037F}.Debug|x64.Deploy.0 = Debug|x64
		{15B670F7-38C1-41F2-BCC9-540D0975037F}.Debug|x86.ActiveCfg = Debug|x86
		{15B670F7-38C1-41F2-BCC9-540D0975037F}.Debug|x86.Build.0 = Debug|x86
		{15B670F7-38C1-41F2-BCC9-540D0975037F}.Debug|x86.Deploy.0 = Debug|x86
		{15B670F7-38C1-41F2-BCC9-540D0975037F}.Release|Any CPU.ActiveCfg = Release|x64
		{15B670F7-38C1-41F2-BCC9-540D0975037F}.Release|Any CPU.Build.0 = Release|x64
		{15B670F7-38C1-41F2-BCC9-540D0975037F}.Release|Any CPU.Deploy.0 = Release|x64
		{15B670F7-38C1-41F2-BCC9-540D0975037F}.Release|ARM64.ActiveCfg = Release|ARM64
		{15B670F7-38C1-41F2-BCC9-540D0975037F}.Release|ARM64.Build.0 = Release|ARM64
		{15B670F7-38C1-41F2-BCC9-540D0975037F}.Release|ARM64.Deploy.0 = Release|ARM64
		{15B670F7-38C1-41F2-BCC9-540D0975037F}.Release|x64.ActiveCfg = Release|x64
		{15B670F7-38C1-41F2-BCC9-540D0975037F}.Release|x64.Build.0 = Release|x64
		{15B670F7-38C1-41F2-BCC9-540D0975037F}.Release|x64.Deploy.0 = Release|x64
		{15B670F7-38C1-41F2-BCC9-540D0975037F}.Release|x86.ActiveCfg = Release|x86
		{15B670F7-38C1-41F2-BCC9-540D0975037F}.Release|x86.Build.0 = Release|x86
		{15B670F7-38C1-41F2-BCC9-540D0975037F}.Release|x86.Deploy.0 = Release|x86
		{928BF237-E0B0-441A-A3E9-AC398C31BF5A}.Debug|Any CPU.ActiveCfg = Debug|x64
		{928BF237-E0B0-441A-A3E9-AC398C31BF5A}.Debug|Any CPU.Build.0 = Debug|x64
		{928BF237-E0B0-441A-A3E9-AC398C31BF5A}.Debug|Any CPU.Deploy.0 = Debug|x64
		{928BF237-E0B0-441A-A3E9-AC398C31BF5A}.Debug|ARM64.ActiveCfg = Debug|ARM64
		{928BF237-E0B0-441A-A3E9-AC398C31BF5A}.Debug|ARM64.Build.0 = Debug|ARM64
		{928BF237-E0B0-441A-A3E9-AC398C31BF5A}.Debug|ARM64.Deploy.0 = Debug|ARM64
		{928BF237-E0B0-441A-A3E9-AC398C31BF5A}.Debug|x64.ActiveCfg = Debug|x64
		{928BF237-E0B0-441A-A3E9-AC398C31BF5A}.Debug|x64.Build.0 = Debug|x64
		{928BF237-E0B0-441A-A3E9-AC398C31BF5A}.Debug|x64.Deploy.0 = Debug|x64
		{928BF237-E0B0-441A-A3E9-AC398C31BF5A}.Debug|x86.ActiveCfg = Debug|x86
		{928BF237-E0B0-441A-A3E9-AC398C31BF5A}.Debug|x86.Build.0 = Debug|x86
		{928BF237-E0B0-441A-A3E9-AC398C31BF5A}.Debug|x86.Deploy.0 = Debug|x86
		{928BF237-E0B0-441A-A3E9-AC398C31BF5A}.Release|Any CPU.ActiveCfg = Release|x64
		{928BF237-E0B0-441A-A3E9-AC398C31BF5A}.Release|Any CPU.Build.0 = Release|x64
		{928BF237-E0B0-441A-A3E9-AC398C31BF5A}.Release|Any CPU.Deploy.0 = Release|x64
		{928BF237-E0B0-441A-A3E9-AC398C31BF5A}.Release|ARM64.ActiveCfg = Release|ARM64
		{928BF237-E0B0-441A-A3E9-AC398C31BF5A}.Release|ARM64.Build.0 = Release|ARM64
		{928BF237-E0B0-441A-A3E9-AC398C31BF5A}.Release|ARM64.Deploy.0 = Release|ARM64
		{928BF237-E0B0-441A-A3E9-AC398C31BF5A}.Release|x64.ActiveCfg = Release|x64
		{928BF237-E0B0-441A-A3E9-AC398C31BF5A}.Release|x64.Build.0 = Release|x64
		{928BF237-E0B0-441A-A3E9-AC398C31BF5A}.Release|x64.Deploy.0 = Release|x64
		{928BF237-E0B0-441A-A3E9-AC398C31BF5A}.Release|x86.ActiveCfg = Release|x86
		{928BF237-E0B0-441A-A3E9-AC398C31BF5A}.Release|x86.Build.0 = Release|x86
		{928BF237-E0B0-441A-A3E9-AC398C31BF5A}.Release|x86.Deploy.0 = Release|x86
		{B6FF34AD-2A14-45D2-88B8-36B7DCFDC88D}.Debug|Any CPU.ActiveCfg = Debug|x64
		{B6FF34AD-2A14-45D2-88B8-36B7DCFDC88D}.Debug|Any CPU.Build.0 = Debug|x64
		{B6FF34AD-2A14-45D2-88B8-36B7DCFDC88D}.Debug|Any CPU.Deploy.0 = Debug|x64
		{B6FF34AD-2A14-45D2-88B8-36B7DCFDC88D}.Debug|ARM64.ActiveCfg = Debug|ARM64
		{B6FF34AD-2A14-45D2-88B8-36B7DCFDC88D}.Debug|ARM64.Build.0 = Debug|ARM64
		{B6FF34AD-2A14-45D2-88B8-36B7DCFDC88D}.Debug|ARM64.Deploy.0 = Debug|ARM64
		{B6FF34AD-2A14-45D2-88B8-36B7DCFDC88D}.Debug|x64.ActiveCfg = Debug|x64
		{B6FF34AD-2A14-45D2-88B8-36B7DCFDC88D}.Debug|x64.Build.0 = Debug|x64
		{B6FF34AD-2A14-45D2-88B8-36B7DCFDC88D}.Debug|x64.Deploy.0 = Debug|x64
		{B6FF34AD-2A14-45D2-88B8-36B7DCFDC88D}.Debug|x86.ActiveCfg = Debug|x86
		{B6FF34AD-2A14-45D2-88B8-36B7DCFDC88D}.Debug|x86.Build.0 = Debug|x86
		{B6FF34AD-2A14-45D2-88B8-36B7DCFDC88D}.Debug|x86.Deploy.0 = Debug|x86
		{B6FF34AD-2A14-45D2-88B8-36B7DCFDC88D}.Release|Any CPU.ActiveCfg = Release|x64
		{B6FF34AD-2A14-45D2-88B8-36B7DCFDC88D}.Release|Any CPU.Build.0 = Release|x64
		{B6FF34AD-2A14-45D2-88B8-36B7DCFDC88D}.Release|Any CPU.Deploy.0 = Release|x64
		{B6FF34AD-2A14-45D2-88B8-36B7DCFDC88D}.Release|ARM64.ActiveCfg = Release|ARM64
		{B6FF34AD-2A14-45D2-88B8-36B7DCFDC88D}.Release|ARM64.Build.0 = Release|ARM64
		{B6FF34AD-2A14-45D2-88B8-36B7DCFDC88D}.Release|ARM64.Deploy.0 = Release|ARM64
		{B6FF34AD-2A14-45D2-88B8-36B7DCFDC88D}.Release|x64.ActiveCfg = Release|x64
		{B6FF34AD-2A14-45D2-88B8-36B7DCFDC88D}.Release|x64.Build.0 = Release|x64
		{B6FF34AD-2A14-45D2-88B8-36B7DCFDC88D}.Release|x64.Deploy.0 = Release|x64
		{B6FF34AD-2A14-45D2-88B8-36B7DCFDC88D}.Release|x86.ActiveCfg = Release|x86
		{B6FF34AD-2A14-45D2-88B8-36B7DCFDC88D}.Release|x86.Build.0 = Release|x86
		{B6FF34AD-2A14-45D2-88B8-36B7DCFDC88D}.Release|x86.Deploy.0 = Release|x86
		{5ED0CCF3-A265-4FDD-BDA9-CCFF709B9E3B}.Debug|Any CPU.ActiveCfg = Debug|x64
		{5ED0CCF3-A265-4FDD-BDA9-CCFF709B9E3B}.Debug|Any CPU.Build.0 = Debug|x64
		{5ED0CCF3-A265-4FDD-BDA9-CCFF709B9E3B}.Debug|Any CPU.Deploy.0 = Debug|x64
		{5ED0CCF3-A265-4FDD-BDA9-CCFF709B9E3B}.Debug|ARM64.ActiveCfg = Debug|ARM64
		{5ED0CCF3-A265-4FDD-BDA9-CCFF709B9E3B}.Debug|ARM64.Build.0 = Debug|ARM64
		{5ED0CCF3-A265-4FDD-BDA9-CCFF709B9E3B}.Debug|ARM64.Deploy.0 = Debug|ARM64
		{5ED0CCF3-A265-4FDD-BDA9-CCFF709B9E3B}.Debug|x64.ActiveCfg = Debug|x64
		{5ED0CCF3-A265-4FDD-BDA9-CCFF709B9E3B}.Debug|x64.Build.0 = Debug|x64
		{5ED0CCF3-A265-4FDD-BDA9-CCFF709B9E3B}.Debug|x64.Deploy.0 = Debug|x64
		{5ED0CCF3-A265-4FDD-BDA9-CCFF709B9E3B}.Debug|x86.ActiveCfg = Debug|x86
		{5ED0CCF3-A265-4FDD-BDA9-CCFF709B9E3B}.Debug|x86.Build.0 = Debug|x86
		{5ED0CCF3-A265-4FDD-BDA9-CCFF709B9E3B}.Debug|x86.Deploy.0 = Debug|x86
		{5ED0CCF3-A265-4FDD-BDA9-CCFF709B9E3B}.Release|Any CPU.ActiveCfg = Release|x64
		{5ED0CCF3-A265-4FDD-BDA9-CCFF709B9E3B}.Release|Any CPU.Build.0 = Release|x64
		{5ED0CCF3-A265-4FDD-BDA9-CCFF709B9E3B}.Release|Any CPU.Deploy.0 = Release|x64
		{5ED0CCF3-A265-4FDD-BDA9-CCFF709B9E3B}.Release|ARM64.ActiveCfg = Release|ARM64
		{5ED0CCF3-A265-4FDD-BDA9-CCFF709B9E3B}.Release|ARM64.Build.0 = Release|ARM64
		{5ED0CCF3-A265-4FDD-BDA9-CCFF709B9E3B}.Release|ARM64.Deploy.0 = Release|ARM64
		{5ED0CCF3-A265-4FDD-BDA9-CCFF709B9E3B}.Release|x64.ActiveCfg = Release|x64
		{5ED0CCF3-A265-4FDD-BDA9-CCFF709B9E3B}.Release|x64.Build.0 = Release|x64
		{5ED0CCF3-A265-4FDD-BDA9-CCFF709B9E3B}.Release|x64.Deploy.0 = Release|x64
		{5ED0CCF3-A265-4FDD-BDA9-CCFF709B9E3B}.Release|x86.ActiveCfg = Release|x86
		{5ED0CCF3-A265-4FDD-BDA9-CCFF709B9E3B}.Release|x86.Build.0 = Release|x86
		{5ED0CCF3-A265-4FDD-BDA9-CCFF709B9E3B}.Release|x86.Deploy.0 = Release|x86
	EndGlobalSection
	GlobalSection(SolutionProperties) = preSolution
		HideSolutionNode = FALSE
	EndGlobalSection
	GlobalSection(ExtensibilityGlobals) = postSolution
		SolutionGuid = {FD335404-3692-4AC9-8B75-89CFD73452D1}
	EndGlobalSection
EndGlobal
